// !$*UTF8*$!
{
	archiveVersion = 1;
	classes = {
	};
	objectVersion = 56;
	objects = {

/* Begin PBXBuildFile section */
		A1E64BB42A4C7E4C00B71127 /* AppDelegate.swift in Sources */ = {isa = PBXBuildFile; fileRef = A1E64BB32A4C7E4C00B71127 /* AppDelegate.swift */; };
		A1E64BB62A4C7E4C00B71127 /* SceneDelegate.swift in Sources */ = {isa = PBXBuildFile; fileRef = A1E64BB52A4C7E4C00B71127 /* SceneDelegate.swift */; };
		A1E64BBB2A4C7E4C00B71127 /* Main.storyboard in Resources */ = {isa = PBXBuildFile; fileRef = A1E64BB92A4C7E4C00B71127 /* Main.storyboard */; };
		A1E64BBD2A4C7E4E00B71127 /* Assets.xcassets in Resources */ = {isa = PBXBuildFile; fileRef = A1E64BBC2A4C7E4E00B71127 /* Assets.xcassets */; };
		A1E64BC02A4C7E4E00B71127 /* LaunchScreen.storyboard in Resources */ = {isa = PBXBuildFile; fileRef = A1E64BBE2A4C7E4E00B71127 /* LaunchScreen.storyboard */; };
		A1E64BC92A4C803A00B71127 /* Tela01ViewController.swift in Sources */ = {isa = PBXBuildFile; fileRef = A1E64BC82A4C803A00B71127 /* Tela01ViewController.swift */; };
		A1E64BCC2A4C807500B71127 /* Person.swift in Sources */ = {isa = PBXBuildFile; fileRef = A1E64BCB2A4C807500B71127 /* Person.swift */; };
		A1E64BD02A4C809800B71127 /* CustomTableViewCell.xib in Resources */ = {isa = PBXBuildFile; fileRef = A1E64BCE2A4C809800B71127 /* CustomTableViewCell.xib */; };
		A1E64BD12A4C809800B71127 /* CustomTableViewCell.swift in Sources */ = {isa = PBXBuildFile; fileRef = A1E64BCF2A4C809800B71127 /* CustomTableViewCell.swift */; };
/* End PBXBuildFile section */

/* Begin PBXFileReference section */
		A1E64BB02A4C7E4C00B71127 /* firestoreFirebase_Teste.app */ = {isa = PBXFileReference; explicitFileType = wrapper.application; includeInIndex = 0; path = firestoreFirebase_Teste.app; sourceTree = BUILT_PRODUCTS_DIR; };
		A1E64BB32A4C7E4C00B71127 /* AppDelegate.swift */ = {isa = PBXFileReference; lastKnownFileType = sourcecode.swift; path = AppDelegate.swift; sourceTree = "<group>"; };
		A1E64BB52A4C7E4C00B71127 /* SceneDelegate.swift */ = {isa = PBXFileReference; lastKnownFileType = sourcecode.swift; path = SceneDelegate.swift; sourceTree = "<group>"; };
		A1E64BBA2A4C7E4C00B71127 /* Base */ = {isa = PBXFileReference; lastKnownFileType = file.storyboard; name = Base; path = Base.lproj/Main.storyboard; sourceTree = "<group>"; };
		A1E64BBC2A4C7E4E00B71127 /* Assets.xcassets */ = {isa = PBXFileReference; lastKnownFileType = folder.assetcatalog; path = Assets.xcassets; sourceTree = "<group>"; };
		A1E64BBF2A4C7E4E00B71127 /* Base */ = {isa = PBXFileReference; lastKnownFileType = file.storyboard; name = Base; path = Base.lproj/LaunchScreen.storyboard; sourceTree = "<group>"; };
		A1E64BC12A4C7E4E00B71127 /* Info.plist */ = {isa = PBXFileReference; lastKnownFileType = text.plist.xml; path = Info.plist; sourceTree = "<group>"; };
		A1E64BC82A4C803A00B71127 /* Tela01ViewController.swift */ = {isa = PBXFileReference; fileEncoding = 4; lastKnownFileType = sourcecode.swift; path = Tela01ViewController.swift; sourceTree = "<group>"; };
		A1E64BCB2A4C807500B71127 /* Person.swift */ = {isa = PBXFileReference; fileEncoding = 4; lastKnownFileType = sourcecode.swift; path = Person.swift; sourceTree = "<group>"; };
		A1E64BCE2A4C809800B71127 /* CustomTableViewCell.xib */ = {isa = PBXFileReference; fileEncoding = 4; lastKnownFileType = file.xib; path = CustomTableViewCell.xib; sourceTree = "<group>"; };
		A1E64BCF2A4C809800B71127 /* CustomTableViewCell.swift */ = {isa = PBXFileReference; fileEncoding = 4; lastKnownFileType = sourcecode.swift; path = CustomTableViewCell.swift; sourceTree = "<group>"; };
/* End PBXFileReference section */

/* Begin PBXFrameworksBuildPhase section */
		A1E64BAD2A4C7E4C00B71127 /* Frameworks */ = {
			isa = PBXFrameworksBuildPhase;
			buildActionMask = 2147483647;
			files = (
			);
			runOnlyForDeploymentPostprocessing = 0;
		};
/* End PBXFrameworksBuildPhase section */

/* Begin PBXGroup section */
		A1E64BA72A4C7E4C00B71127 = {
			isa = PBXGroup;
			children = (
				A1E64BB22A4C7E4C00B71127 /* firestoreFirebase_Teste */,
				A1E64BB12A4C7E4C00B71127 /* Products */,
			);
			sourceTree = "<group>";
		};
		A1E64BB12A4C7E4C00B71127 /* Products */ = {
			isa = PBXGroup;
			children = (
				A1E64BB02A4C7E4C00B71127 /* firestoreFirebase_Teste.app */,
			);
			name = Products;
			sourceTree = "<group>";
		};
		A1E64BB22A4C7E4C00B71127 /* firestoreFirebase_Teste */ = {
			isa = PBXGroup;
			children = (
				A1E64BCD2A4C809800B71127 /* Cell */,
				A1E64BCA2A4C807500B71127 /* Model */,
				A1E64BC82A4C803A00B71127 /* Tela01ViewController.swift */,
				A1E64BB32A4C7E4C00B71127 /* AppDelegate.swift */,
				A1E64BB52A4C7E4C00B71127 /* SceneDelegate.swift */,
				A1E64BB92A4C7E4C00B71127 /* Main.storyboard */,
				A1E64BBC2A4C7E4E00B71127 /* Assets.xcassets */,
				A1E64BBE2A4C7E4E00B71127 /* LaunchScreen.storyboard */,
				A1E64BC12A4C7E4E00B71127 /* Info.plist */,
			);
			path = firestoreFirebase_Teste;
			sourceTree = "<group>";
		};
		A1E64BCA2A4C807500B71127 /* Model */ = {
			isa = PBXGroup;
			children = (
				A1E64BCB2A4C807500B71127 /* Person.swift */,
			);
			path = Model;
			sourceTree = "<group>";
		};
		A1E64BCD2A4C809800B71127 /* Cell */ = {
			isa = PBXGroup;
			children = (
				A1E64BCE2A4C809800B71127 /* CustomTableViewCell.xib */,
				A1E64BCF2A4C809800B71127 /* CustomTableViewCell.swift */,
			);
			path = Cell;
			sourceTree = "<group>";
		};
/* End PBXGroup section */

/* Begin PBXNativeTarget section */
		A1E64BAF2A4C7E4C00B71127 /* firestoreFirebase_Teste */ = {
			isa = PBXNativeTarget;
			buildConfigurationList = A1E64BC42A4C7E4E00B71127 /* Build configuration list for PBXNativeTarget "firestoreFirebase_Teste" */;
			buildPhases = (
				A1E64BAC2A4C7E4C00B71127 /* Sources */,
				A1E64BAD2A4C7E4C00B71127 /* Frameworks */,
				A1E64BAE2A4C7E4C00B71127 /* Resources */,
			);
			buildRules = (
			);
			dependencies = (
			);
			name = firestoreFirebase_Teste;
			productName = firestoreFirebase_Teste;
			productReference = A1E64BB02A4C7E4C00B71127 /* firestoreFirebase_Teste.app */;
			productType = "com.apple.product-type.application";
		};
/* End PBXNativeTarget section */

/* Begin PBXProject section */
		A1E64BA82A4C7E4C00B71127 /* Project object */ = {
			isa = PBXProject;
			attributes = {
				BuildIndependentTargetsInParallel = 1;
				LastSwiftUpdateCheck = 1430;
				LastUpgradeCheck = 1430;
				TargetAttributes = {
					A1E64BAF2A4C7E4C00B71127 = {
						CreatedOnToolsVersion = 14.3.1;
					};
				};
			};
			buildConfigurationList = A1E64BAB2A4C7E4C00B71127 /* Build configuration list for PBXProject "firestoreFirebase_Teste" */;
			compatibilityVersion = "Xcode 14.0";
			developmentRegion = en;
			hasScannedForEncodings = 0;
			knownRegions = (
				en,
				Base,
			);
			mainGroup = A1E64BA72A4C7E4C00B71127;
			productRefGroup = A1E64BB12A4C7E4C00B71127 /* Products */;
			projectDirPath = "";
			projectRoot = "";
			targets = (
				A1E64BAF2A4C7E4C00B71127 /* firestoreFirebase_Teste */,
			);
		};
/* End PBXProject section */

/* Begin PBXResourcesBuildPhase section */
		A1E64BAE2A4C7E4C00B71127 /* Resources */ = {
			isa = PBXResourcesBuildPhase;
			buildActionMask = 2147483647;
			files = (
				A1E64BC02A4C7E4E00B71127 /* LaunchScreen.storyboard in Resources */,
				A1E64BBD2A4C7E4E00B71127 /* Assets.xcassets in Resources */,
				A1E64BD02A4C809800B71127 /* CustomTableViewCell.xib in Resources */,
				A1E64BBB2A4C7E4C00B71127 /* Main.storyboard in Resources */,
			);
			runOnlyForDeploymentPostprocessing = 0;
		};
/* End PBXResourcesBuildPhase section */

/* Begin PBXSourcesBuildPhase section */
		A1E64BAC2A4C7E4C00B71127 /* Sources */ = {
			isa = PBXSourcesBuildPhase;
			buildActionMask = 2147483647;
			files = (
				A1E64BD12A4C809800B71127 /* CustomTableViewCell.swift in Sources */,
				A1E64BCC2A4C807500B71127 /* Person.swift in Sources */,
				A1E64BB42A4C7E4C00B71127 /* AppDelegate.swift in Sources */,
				A1E64BB62A4C7E4C00B71127 /* SceneDelegate.swift in Sources */,
				A1E64BC92A4C803A00B71127 /* Tela01ViewController.swift in Sources */,
			);
			runOnlyForDeploymentPostprocessing = 0;
		};
/* End PBXSourcesBuildPhase section */

/* Begin PBXVariantGroup section */
		A1E64BB92A4C7E4C00B71127 /* Main.storyboard */ = {
			isa = PBXVariantGroup;
			children = (
				A1E64BBA2A4C7E4C00B71127 /* Base */,
			);
			name = Main.storyboard;
			sourceTree = "<group>";
		};
		A1E64BBE2A4C7E4E00B71127 /* LaunchScreen.storyboard */ = {
			isa = PBXVariantGroup;
			children = (
				A1E64BBF2A4C7E4E00B71127 /* Base */,
			);
			name = LaunchScreen.storyboard;
			sourceTree = "<group>";
		};
/* End PBXVariantGroup section */

/* Begin XCBuildConfiguration section */
		A1E64BC22A4C7E4E00B71127 /* Debug */ = {
			isa = XCBuildConfiguration;
			buildSettings = {
				ALWAYS_SEARCH_USER_PATHS = NO;
				CLANG_ANALYZER_NONNULL = YES;
				CLANG_ANALYZER_NUMBER_OBJECT_CONVERSION = YES_AGGRESSIVE;
				CLANG_CXX_LANGUAGE_STANDARD = "gnu++20";
				CLANG_ENABLE_MODULES = YES;
				CLANG_ENABLE_OBJC_ARC = YES;
				CLANG_ENABLE_OBJC_WEAK = YES;
				CLANG_WARN_BLOCK_CAPTURE_AUTORELEASING = YES;
				CLANG_WARN_BOOL_CONVERSION = YES;
				CLANG_WARN_COMMA = YES;
				CLANG_WARN_CONSTANT_CONVERSION = YES;
				CLANG_WARN_DEPRECATED_OBJC_IMPLEMENTATIONS = YES;
				CLANG_WARN_DIRECT_OBJC_ISA_USAGE = YES_ERROR;
				CLANG_WARN_DOCUMENTATION_COMMENTS = YES;
				CLANG_WARN_EMPTY_BODY = YES;
				CLANG_WARN_ENUM_CONVERSION = YES;
				CLANG_WARN_INFINITE_RECURSION = YES;
				CLANG_WARN_INT_CONVERSION = YES;
				CLANG_WARN_NON_LITERAL_NULL_CONVERSION = YES;
				CLANG_WARN_OBJC_IMPLICIT_RETAIN_SELF = YES;
				CLANG_WARN_OBJC_LITERAL_CONVERSION = YES;
				CLANG_WARN_OBJC_ROOT_CLASS = YES_ERROR;
				CLANG_WARN_QUOTED_INCLUDE_IN_FRAMEWORK_HEADER = YES;
				CLANG_WARN_RANGE_LOOP_ANALYSIS = YES;
				CLANG_WARN_STRICT_PROTOTYPES = YES;
				CLANG_WARN_SUSPICIOUS_MOVE = YES;
				CLANG_WARN_UNGUARDED_AVAILABILITY = YES_AGGRESSIVE;
				CLANG_WARN_UNREACHABLE_CODE = YES;
				CLANG_WARN__DUPLICATE_METHOD_MATCH = YES;
				COPY_PHASE_STRIP = NO;
				DEBUG_INFORMATION_FORMAT = dwarf;
				ENABLE_STRICT_OBJC_MSGSEND = YES;
				ENABLE_TESTABILITY = YES;
				GCC_C_LANGUAGE_STANDARD = gnu11;
				GCC_DYNAMIC_NO_PIC = NO;
				GCC_NO_COMMON_BLOCKS = YES;
				GCC_OPTIMIZATION_LEVEL = 0;
				GCC_PREPROCESSOR_DEFINITIONS = (
					"DEBUG=1",
					"$(inherited)",
				);
				GCC_WARN_64_TO_32_BIT_CONVERSION = YES;
				GCC_WARN_ABOUT_RETURN_TYPE = YES_ERROR;
				GCC_WARN_UNDECLARED_SELECTOR = YES;
				GCC_WARN_UNINITIALIZED_AUTOS = YES_AGGRESSIVE;
				GCC_WARN_UNUSED_FUNCTION = YES;
				GCC_WARN_UNUSED_VARIABLE = YES;
				IPHONEOS_DEPLOYMENT_TARGET = 16.4;
				MTL_ENABLE_DEBUG_INFO = INCLUDE_SOURCE;
				MTL_FAST_MATH = YES;
				ONLY_ACTIVE_ARCH = YES;
				SDKROOT = iphoneos;
				SWIFT_ACTIVE_COMPILATION_CONDITIONS = DEBUG;
				SWIFT_OPTIMIZATION_LEVEL = "-Onone";
			};
			name = Debug;
		};
		A1E64BC32A4C7E4E00B71127 /* Release */ = {
			isa = XCBuildConfiguration;
			buildSettings = {
				ALWAYS_SEARCH_USER_PATHS = NO;
				CLANG_ANALYZER_NONNULL = YES;
				CLANG_ANALYZER_NUMBER_OBJECT_CONVERSION = YES_AGGRESSIVE;
				CLANG_CXX_LANGUAGE_STANDARD = "gnu++20";
				CLANG_ENABLE_MODULES = YES;
				CLANG_ENABLE_OBJC_ARC = YES;
				CLANG_ENABLE_OBJC_WEAK = YES;
				CLANG_WARN_BLOCK_CAPTURE_AUTORELEASING = YES;
				CLANG_WARN_BOOL_CONVERSION = YES;
				CLANG_WARN_COMMA = YES;
				CLANG_WARN_CONSTANT_CONVERSION = YES;
				CLANG_WARN_DEPRECATED_OBJC_IMPLEMENTATIONS = YES;
				CLANG_WARN_DIRECT_OBJC_ISA_USAGE = YES_ERROR;
				CLANG_WARN_DOCUMENTATION_COMMENTS = YES;
				CLANG_WARN_EMPTY_BODY = YES;
				CLANG_WARN_ENUM_CONVERSION = YES;
				CLANG_WARN_INFINITE_RECURSION = YES;
				CLANG_WARN_INT_CONVERSION = YES;
				CLANG_WARN_NON_LITERAL_NULL_CONVERSION = YES;
				CLANG_WARN_OBJC_IMPLICIT_RETAIN_SELF = YES;
				CLANG_WARN_OBJC_LITERAL_CONVERSION = YES;
				CLANG_WARN_OBJC_ROOT_CLASS = YES_ERROR;
				CLANG_WARN_QUOTED_INCLUDE_IN_FRAMEWORK_HEADER = YES;
				CLANG_WARN_RANGE_LOOP_ANALYSIS = YES;
				CLANG_WARN_STRICT_PROTOTYPES = YES;
				CLANG_WARN_SUSPICIOUS_MOVE = YES;
				CLANG_WARN_UNGUARDED_AVAILABILITY = YES_AGGRESSIVE;
				CLANG_WARN_UNREACHABLE_CODE = YES;
				CLANG_WARN__DUPLICATE_METHOD_MATCH = YES;
				COPY_PHASE_STRIP = NO;
				DEBUG_INFORMATION_FORMAT = "dwarf-with-dsym";
				ENABLE_NS_ASSERTIONS = NO;
				ENABLE_STRICT_OBJC_MSGSEND = YES;
				GCC_C_LANGUAGE_STANDARD = gnu11;
				GCC_NO_COMMON_BLOCKS = YES;
				GCC_WARN_64_TO_32_BIT_CONVERSION = YES;
				GCC_WARN_ABOUT_RETURN_TYPE = YES_ERROR;
				GCC_WARN_UNDECLARED_SELECTOR = YES;
				GCC_WARN_UNINITIALIZED_AUTOS = YES_AGGRESSIVE;
				GCC_WARN_UNUSED_FUNCTION = YES;
				GCC_WARN_UNUSED_VARIABLE = YES;
				IPHONEOS_DEPLOYMENT_TARGET = 16.4;
				MTL_ENABLE_DEBUG_INFO = NO;
				MTL_FAST_MATH = YES;
				SDKROOT = iphoneos;
				SWIFT_COMPILATION_MODE = wholemodule;
				SWIFT_OPTIMIZATION_LEVEL = "-O";
				VALIDATE_PRODUCT = YES;
			};
			name = Release;
		};
		A1E64BC52A4C7E4E00B71127 /* Debug */ = {
			isa = XCBuildConfiguration;
			buildSettings = {
				ASSETCATALOG_COMPILER_APPICON_NAME = AppIcon;
				ASSETCATALOG_COMPILER_GLOBAL_ACCENT_COLOR_NAME = AccentColor;
				CODE_SIGN_STYLE = Automatic;
				CURRENT_PROJECT_VERSION = 1;
				DEVELOPMENT_TEAM = 5FP42UUG2W;
				GENERATE_INFOPLIST_FILE = YES;
				INFOPLIST_FILE = firestoreFirebase_Teste/Info.plist;
				INFOPLIST_KEY_UIApplicationSupportsIndirectInputEvents = YES;
				INFOPLIST_KEY_UILaunchStoryboardName = LaunchScreen;
				INFOPLIST_KEY_UIMainStoryboardFile = Main;
				INFOPLIST_KEY_UISupportedInterfaceOrientations_iPad = "UIInterfaceOrientationPortrait UIInterfaceOrientationPortraitUpsideDown UIInterfaceOrientationLandscapeLeft UIInterfaceOrientationLandscapeRight";
				INFOPLIST_KEY_UISupportedInterfaceOrientations_iPhone = "UIInterfaceOrientationPortrait UIInterfaceOrientationLandscapeLeft UIInterfaceOrientationLandscapeRight";
				LD_RUNPATH_SEARCH_PATHS = (
					"$(inherited)",
					"@executable_path/Frameworks",
				);
				MARKETING_VERSION = 1.0;
				PRODUCT_BUNDLE_IDENTIFIER = "GabrielRomanoLearning.firestoreFirebase-Teste";
				PRODUCT_NAME = "$(TARGET_NAME)";
				SWIFT_EMIT_LOC_STRINGS = YES;
				SWIFT_VERSION = 5.0;
				TARGETED_DEVICE_FAMILY = "1,2";
			};
			name = Debug;
		};
		A1E64BC62A4C7E4E00B71127 /* Release */ = {
			isa = XCBuildConfiguration;
			buildSettings = {
				ASSETCATALOG_COMPILER_APPICON_NAME = AppIcon;
				ASSETCATALOG_COMPILER_GLOBAL_ACCENT_COLOR_NAME = AccentColor;
				CODE_SIGN_STYLE = Automatic;
				CURRENT_PROJECT_VERSION = 1;
				DEVELOPMENT_TEAM = 5FP42UUG2W;
				GENERATE_INFOPLIST_FILE = YES;
				INFOPLIST_FILE = firestoreFirebase_Teste/Info.plist;
				INFOPLIST_KEY_UIApplicationSupportsIndirectInputEvents = YES;
				INFOPLIST_KEY_UILaunchStoryboardName = LaunchScreen;
				INFOPLIST_KEY_UIMainStoryboardFile = Main;
				INFOPLIST_KEY_UISupportedInterfaceOrientations_iPad = "UIInterfaceOrientationPortrait UIInterfaceOrientationPortraitUpsideDown UIInterfaceOrientationLandscapeLeft UIInterfaceOrientationLandscapeRight";
				INFOPLIST_KEY_UISupportedInterfaceOrientations_iPhone = "UIInterfaceOrientationPortrait UIInterfaceOrientationLandscapeLeft UIInterfaceOrientationLandscapeRight";
				LD_RUNPATH_SEARCH_PATHS = (
					"$(inherited)",
					"@executable_path/Frameworks",
				);
				MARKETING_VERSION = 1.0;
				PRODUCT_BUNDLE_IDENTIFIER = "GabrielRomanoLearning.firestoreFirebase-Teste";
				PRODUCT_NAME = "$(TARGET_NAME)";
				SWIFT_EMIT_LOC_STRINGS = YES;
				SWIFT_VERSION = 5.0;
				TARGETED_DEVICE_FAMILY = "1,2";
			};
			name = Release;
		};
/* End XCBuildConfiguration section */

/* Begin XCConfigurationList section */
		A1E64BAB2A4C7E4C00B71127 /* Build configuration list for PBXProject "firestoreFirebase_Teste" */ = {
			isa = XCConfigurationList;
			buildConfigurations = (
				A1E64BC22A4C7E4E00B71127 /* Debug */,
				A1E64BC32A4C7E4E00B71127 /* Release */,
			);
			defaultConfigurationIsVisible = 0;
			defaultConfigurationName = Release;
		};
		A1E64BC42A4C7E4E00B71127 /* Build configuration list for PBXNativeTarget "firestoreFirebase_Teste" */ = {
			isa = XCConfigurationList;
			buildConfigurations = (
				A1E64BC52A4C7E4E00B71127 /* Debug */,
				A1E64BC62A4C7E4E00B71127 /* Release */,
			);
			defaultConfigurationIsVisible = 0;
			defaultConfigurationName = Release;
		};
/* End XCConfigurationList section */
	};
	rootObject = A1E64BA82A4C7E4C00B71127 /* Project object */;
}
